
Microsoft Visual Studio Solution File, Format Version 12.00
# Visual Studio Version 17
VisualStudioVersion = 17.1.32210.238
MinimumVisualStudioVersion = 10.0.40219.1
Project("{FAE04EC0-301F-11D3-BF4B-00C04F79EFBC}") = "SuperHeroAPI", "SuperHeroAPI\SuperHeroAPI.csproj", "{CE36C5E9-3FF3-400E-9726-46A55FBFCA8E}"
EndProject
Global
	GlobalSection(SolutionConfigurationPlatforms) = preSolution
		Debug|Any CPU = Debug|Any CPU
		Release|Any CPU = Release|Any CPU
	EndGlobalSection
	GlobalSection(ProjectConfigurationPlatforms) = postSolution
		{CE36C5E9-3FF3-400E-9726-46A55FBFCA8E}.Debug|Any CPU.ActiveCfg = Debug|Any CPU
		{CE36C5E9-3FF3-400E-9726-46A55FBFCA8E}.Debug|Any CPU.Build.0 = Debug|Any CPU
		{CE36C5E9-3FF3-400E-9726-46A55FBFCA8E}.Release|Any CPU.ActiveCfg = Release|Any CPU
		{CE36C5E9-3FF3-400E-9726-46A55FBFCA8E}.Release|Any CPU.Build.0 = Release|Any CPU
	EndGlobalSection
	GlobalSection(SolutionProperties) = preSolution
		HideSolutionNode = FALSE
	EndGlobalSection
	GlobalSection(ExtensibilityGlobals) = postSolution
		SolutionGuid = {4EAFF48F-5AC7-4BCA-8E7F-9EF90492C762}
	EndGlobalSection
EndGlobal
